
Microsoft Visual Studio Solution File, Format Version 12.00
# Visual Studio Version 16
VisualStudioVersion = 16.0.31205.134
MinimumVisualStudioVersion = 10.0.40219.1
Project("{9A19103F-16F7-4668-BE54-9A1E7A4F7556}") = "Masterarbeit", "Masterarbeit\Masterarbeit.csproj", "{4C89573F-596E-4B75-8DF1-798B4C878D6F}"
EndProject
Global
	GlobalSection(SolutionConfigurationPlatforms) = preSolution
		Debug|Any CPU = Debug|Any CPU
		Release|Any CPU = Release|Any CPU
	EndGlobalSection
	GlobalSection(ProjectConfigurationPlatforms) = postSolution
		{4C89573F-596E-4B75-8DF1-798B4C878D6F}.Debug|Any CPU.ActiveCfg = Debug|Any CPU
		{4C89573F-596E-4B75-8DF1-798B4C878D6F}.Debug|Any CPU.Build.0 = Debug|Any CPU
		{4C89573F-596E-4B75-8DF1-798B4C878D6F}.Release|Any CPU.ActiveCfg = Release|Any CPU
		{4C89573F-596E-4B75-8DF1-798B4C878D6F}.Release|Any CPU.Build.0 = Release|Any CPU
	EndGlobalSection
	GlobalSection(SolutionProperties) = preSolution
		HideSolutionNode = FALSE
	EndGlobalSection
	GlobalSection(ExtensibilityGlobals) = postSolution
		SolutionGuid = {5FD73659-CBCF-407A-8C78-4568B080EF2D}
	EndGlobalSection
EndGlobal
